
Microsoft Visual Studio Solution File, Format Version 12.00
# Visual Studio Version 17
VisualStudioVersion = 17.9.34728.123
MinimumVisualStudioVersion = 10.0.40219.1
Project("{FAE04EC0-301F-11D3-BF4B-00C04F79EFBC}") = "LoRaWAN-Server", "LoRaWAN-Server\LoRaWAN-Server.csproj", "{6BDDB4E5-20A7-4277-AAA1-F910E4AE0252}"
EndProject
Global
	GlobalSection(SolutionConfigurationPlatforms) = preSolution
		Debug|Any CPU = Debug|Any CPU
		Release|Any CPU = Release|Any CPU
	EndGlobalSection
	GlobalSection(ProjectConfigurationPlatforms) = postSolution
		{6BDDB4E5-20A7-4277-AAA1-F910E4AE0252}.Debug|Any CPU.ActiveCfg = Debug|Any CPU
		{6BDDB4E5-20A7-4277-AAA1-F910E4AE0252}.Debug|Any CPU.Build.0 = Debug|Any CPU
		{6BDDB4E5-20A7-4277-AAA1-F910E4AE0252}.Release|Any CPU.ActiveCfg = Release|Any CPU
		{6BDDB4E5-20A7-4277-AAA1-F910E4AE0252}.Release|Any CPU.Build.0 = Release|Any CPU
	EndGlobalSection
	GlobalSection(SolutionProperties) = preSolution
		HideSolutionNode = FALSE
	EndGlobalSection
	GlobalSection(ExtensibilityGlobals) = postSolution
		SolutionGuid = {69FE8F9E-255D-40E3-A364-96EC6C43E4F8}
	EndGlobalSection
EndGlobal
